
Microsoft Visual Studio Solution File, Format Version 12.00
# Visual Studio Version 16
VisualStudioVersion = 16.0.31105.61
MinimumVisualStudioVersion = 10.0.40219.1
Project("{9A19103F-16F7-4668-BE54-9A1E7A4F7556}") = "Business", "Business\Business.csproj", "{BEBA7E51-7A60-48F9-9348-305450479BA0}"
EndProject
Project("{9A19103F-16F7-4668-BE54-9A1E7A4F7556}") = "Model", "Entity\Model.csproj", "{44A55E0F-D186-484F-91D8-568E9DF3DB3E}"
EndProject
Project("{9A19103F-16F7-4668-BE54-9A1E7A4F7556}") = "Infrastructure", "DB\Infrastructure.csproj", "{717C489E-1191-43AF-9B23-62FB4ED0F7ED}"
EndProject
Project("{9A19103F-16F7-4668-BE54-9A1E7A4F7556}") = "CollegeAPI", "CollegeAPI\CollegeAPI.csproj", "{CCD8EC5B-32FA-4EBB-BE65-3B2DBAA59B41}"
EndProject
Project("{FAE04EC0-301F-11D3-BF4B-00C04F79EFBC}") = "CollegeWeb", "CollegeWeb\CollegeWeb.csproj", "{0AE97756-5AE0-4B53-9363-17CA1D596454}"
EndProject
Global
	GlobalSection(SolutionConfigurationPlatforms) = preSolution
		Debug|Any CPU = Debug|Any CPU
		Release|Any CPU = Release|Any CPU
	EndGlobalSection
	GlobalSection(ProjectConfigurationPlatforms) = postSolution
		{BEBA7E51-7A60-48F9-9348-305450479BA0}.Debug|Any CPU.ActiveCfg = Debug|Any CPU
		{BEBA7E51-7A60-48F9-9348-305450479BA0}.Debug|Any CPU.Build.0 = Debug|Any CPU
		{BEBA7E51-7A60-48F9-9348-305450479BA0}.Release|Any CPU.ActiveCfg = Release|Any CPU
		{BEBA7E51-7A60-48F9-9348-305450479BA0}.Release|Any CPU.Build.0 = Release|Any CPU
		{44A55E0F-D186-484F-91D8-568E9DF3DB3E}.Debug|Any CPU.ActiveCfg = Debug|Any CPU
		{44A55E0F-D186-484F-91D8-568E9DF3DB3E}.Debug|Any CPU.Build.0 = Debug|Any CPU
		{44A55E0F-D186-484F-91D8-568E9DF3DB3E}.Release|Any CPU.ActiveCfg = Release|Any CPU
		{44A55E0F-D186-484F-91D8-568E9DF3DB3E}.Release|Any CPU.Build.0 = Release|Any CPU
		{717C489E-1191-43AF-9B23-62FB4ED0F7ED}.Debug|Any CPU.ActiveCfg = Debug|Any CPU
		{717C489E-1191-43AF-9B23-62FB4ED0F7ED}.Debug|Any CPU.Build.0 = Debug|Any CPU
		{717C489E-1191-43AF-9B23-62FB4ED0F7ED}.Release|Any CPU.ActiveCfg = Release|Any CPU
		{717C489E-1191-43AF-9B23-62FB4ED0F7ED}.Release|Any CPU.Build.0 = Release|Any CPU
		{CCD8EC5B-32FA-4EBB-BE65-3B2DBAA59B41}.Debug|Any CPU.ActiveCfg = Debug|Any CPU
		{CCD8EC5B-32FA-4EBB-BE65-3B2DBAA59B41}.Debug|Any CPU.Build.0 = Debug|Any CPU
		{CCD8EC5B-32FA-4EBB-BE65-3B2DBAA59B41}.Release|Any CPU.ActiveCfg = Release|Any CPU
		{CCD8EC5B-32FA-4EBB-BE65-3B2DBAA59B41}.Release|Any CPU.Build.0 = Release|Any CPU
		{0AE97756-5AE0-4B53-9363-17CA1D596454}.Debug|Any CPU.ActiveCfg = Debug|Any CPU
		{0AE97756-5AE0-4B53-9363-17CA1D596454}.Debug|Any CPU.Build.0 = Debug|Any CPU
		{0AE97756-5AE0-4B53-9363-17CA1D596454}.Release|Any CPU.ActiveCfg = Release|Any CPU
		{0AE97756-5AE0-4B53-9363-17CA1D596454}.Release|Any CPU.Build.0 = Release|Any CPU
	EndGlobalSection
	GlobalSection(SolutionProperties) = preSolution
		HideSolutionNode = FALSE
	EndGlobalSection
	GlobalSection(ExtensibilityGlobals) = postSolution
		SolutionGuid = {6C593F0D-9C6D-482C-950A-5A4DE406FB81}
	EndGlobalSection
EndGlobal
